
Microsoft Visual Studio Solution File, Format Version 12.00
# Visual Studio Version 16
VisualStudioVersion = 16.0.30523.141
MinimumVisualStudioVersion = 10.0.40219.1
Project("{FAE04EC0-301F-11D3-BF4B-00C04F79EFBC}") = "Book_Manager", "Book_Manager\Book_Manager.csproj", "{91B4FE59-EAD8-4E9F-9E1A-4035A37F9F85}"
EndProject
Global
	GlobalSection(SolutionConfigurationPlatforms) = preSolution
		Debug|Any CPU = Debug|Any CPU
		Release|Any CPU = Release|Any CPU
	EndGlobalSection
	GlobalSection(ProjectConfigurationPlatforms) = postSolution
		{91B4FE59-EAD8-4E9F-9E1A-4035A37F9F85}.Debug|Any CPU.ActiveCfg = Debug|Any CPU
		{91B4FE59-EAD8-4E9F-9E1A-4035A37F9F85}.Debug|Any CPU.Build.0 = Debug|Any CPU
		{91B4FE59-EAD8-4E9F-9E1A-4035A37F9F85}.Release|Any CPU.ActiveCfg = Release|Any CPU
		{91B4FE59-EAD8-4E9F-9E1A-4035A37F9F85}.Release|Any CPU.Build.0 = Release|Any CPU
	EndGlobalSection
	GlobalSection(SolutionProperties) = preSolution
		HideSolutionNode = FALSE
	EndGlobalSection
	GlobalSection(ExtensibilityGlobals) = postSolution
		SolutionGuid = {E837C70D-EF22-45EA-9619-39466D729498}
	EndGlobalSection
EndGlobal
