
Microsoft Visual Studio Solution File, Format Version 12.00
# Visual Studio Version 16
VisualStudioVersion = 16.0.30523.141
MinimumVisualStudioVersion = 10.0.40219.1
Project("{FAE04EC0-301F-11D3-BF4B-00C04F79EFBC}") = "Exercises_Day_1", "Exercises_Day_1\Exercises_Day_1.csproj", "{20B6553C-66EC-4C6E-8FE0-CB49DDDC942B}"
EndProject
Global
	GlobalSection(SolutionConfigurationPlatforms) = preSolution
		Debug|Any CPU = Debug|Any CPU
		Release|Any CPU = Release|Any CPU
	EndGlobalSection
	GlobalSection(ProjectConfigurationPlatforms) = postSolution
		{20B6553C-66EC-4C6E-8FE0-CB49DDDC942B}.Debug|Any CPU.ActiveCfg = Debug|Any CPU
		{20B6553C-66EC-4C6E-8FE0-CB49DDDC942B}.Debug|Any CPU.Build.0 = Debug|Any CPU
		{20B6553C-66EC-4C6E-8FE0-CB49DDDC942B}.Release|Any CPU.ActiveCfg = Release|Any CPU
		{20B6553C-66EC-4C6E-8FE0-CB49DDDC942B}.Release|Any CPU.Build.0 = Release|Any CPU
	EndGlobalSection
	GlobalSection(SolutionProperties) = preSolution
		HideSolutionNode = FALSE
	EndGlobalSection
	GlobalSection(ExtensibilityGlobals) = postSolution
		SolutionGuid = {E243D540-118D-41B3-88EE-FA64F589FAD3}
	EndGlobalSection
EndGlobal
